
Microsoft Visual Studio Solution File, Format Version 12.00
# Visual Studio Version 17
VisualStudioVersion = 17.6.33712.159
MinimumVisualStudioVersion = 10.0.40219.1
Project("{FAE04EC0-301F-11D3-BF4B-00C04F79EFBC}") = "MassTransitDemo", "MassTransitDemo\MassTransitDemo.csproj", "{5782A9C2-3D3C-412C-9FDD-A208B78E99ED}"
EndProject
Project("{FAE04EC0-301F-11D3-BF4B-00C04F79EFBC}") = "Movies.Api", "Movies.Api\Movies.Api.csproj", "{D31B6D1D-A6CF-47E1-86F1-575CF1E1C587}"
EndProject
Project("{FAE04EC0-301F-11D3-BF4B-00C04F79EFBC}") = "MoviesMessaging.Contracts", "MoviesMessaging.Contracts\MoviesMessaging.Contracts.csproj", "{30DABBC9-F9A8-4095-80CD-672C26375171}"
EndProject
Project("{FAE04EC0-301F-11D3-BF4B-00C04F79EFBC}") = "Movies.Consumer", "Movies.Consumer\Movies.Consumer.csproj", "{4B56E7C5-C3A8-46EC-AFBD-7A723E2B6D2C}"
EndProject
Global
	GlobalSection(SolutionConfigurationPlatforms) = preSolution
		Debug|Any CPU = Debug|Any CPU
		Release|Any CPU = Release|Any CPU
	EndGlobalSection
	GlobalSection(ProjectConfigurationPlatforms) = postSolution
		{5782A9C2-3D3C-412C-9FDD-A208B78E99ED}.Debug|Any CPU.ActiveCfg = Debug|Any CPU
		{5782A9C2-3D3C-412C-9FDD-A208B78E99ED}.Debug|Any CPU.Build.0 = Debug|Any CPU
		{5782A9C2-3D3C-412C-9FDD-A208B78E99ED}.Release|Any CPU.ActiveCfg = Release|Any CPU
		{5782A9C2-3D3C-412C-9FDD-A208B78E99ED}.Release|Any CPU.Build.0 = Release|Any CPU
		{D31B6D1D-A6CF-47E1-86F1-575CF1E1C587}.Debug|Any CPU.ActiveCfg = Debug|Any CPU
		{D31B6D1D-A6CF-47E1-86F1-575CF1E1C587}.Debug|Any CPU.Build.0 = Debug|Any CPU
		{D31B6D1D-A6CF-47E1-86F1-575CF1E1C587}.Release|Any CPU.ActiveCfg = Release|Any CPU
		{D31B6D1D-A6CF-47E1-86F1-575CF1E1C587}.Release|Any CPU.Build.0 = Release|Any CPU
		{30DABBC9-F9A8-4095-80CD-672C26375171}.Debug|Any CPU.ActiveCfg = Debug|Any CPU
		{30DABBC9-F9A8-4095-80CD-672C26375171}.Debug|Any CPU.Build.0 = Debug|Any CPU
		{30DABBC9-F9A8-4095-80CD-672C26375171}.Release|Any CPU.ActiveCfg = Release|Any CPU
		{30DABBC9-F9A8-4095-80CD-672C26375171}.Release|Any CPU.Build.0 = Release|Any CPU
		{4B56E7C5-C3A8-46EC-AFBD-7A723E2B6D2C}.Debug|Any CPU.ActiveCfg = Debug|Any CPU
		{4B56E7C5-C3A8-46EC-AFBD-7A723E2B6D2C}.Debug|Any CPU.Build.0 = Debug|Any CPU
		{4B56E7C5-C3A8-46EC-AFBD-7A723E2B6D2C}.Release|Any CPU.ActiveCfg = Release|Any CPU
		{4B56E7C5-C3A8-46EC-AFBD-7A723E2B6D2C}.Release|Any CPU.Build.0 = Release|Any CPU
	EndGlobalSection
	GlobalSection(SolutionProperties) = preSolution
		HideSolutionNode = FALSE
	EndGlobalSection
	GlobalSection(ExtensibilityGlobals) = postSolution
		SolutionGuid = {7160F4B5-B988-494C-BCE9-C1DA3AC7625A}
	EndGlobalSection
EndGlobal
